
Microsoft Visual Studio Solution File, Format Version 12.00
# Visual Studio Version 17
VisualStudioVersion = 17.4.33213.308
MinimumVisualStudioVersion = 10.0.40219.1
Project("{FAE04EC0-301F-11D3-BF4B-00C04F79EFBC}") = "Paint", "Paint\Paint.csproj", "{A87FC961-D9E2-41AD-99CD-145BF4F12BEE}"
EndProject
Global
	GlobalSection(SolutionConfigurationPlatforms) = preSolution
		Debug|Any CPU = Debug|Any CPU
		Release|Any CPU = Release|Any CPU
	EndGlobalSection
	GlobalSection(ProjectConfigurationPlatforms) = postSolution
		{A87FC961-D9E2-41AD-99CD-145BF4F12BEE}.Debug|Any CPU.ActiveCfg = Debug|Any CPU
		{A87FC961-D9E2-41AD-99CD-145BF4F12BEE}.Debug|Any CPU.Build.0 = Debug|Any CPU
		{A87FC961-D9E2-41AD-99CD-145BF4F12BEE}.Release|Any CPU.ActiveCfg = Release|Any CPU
		{A87FC961-D9E2-41AD-99CD-145BF4F12BEE}.Release|Any CPU.Build.0 = Release|Any CPU
	EndGlobalSection
	GlobalSection(SolutionProperties) = preSolution
		HideSolutionNode = FALSE
	EndGlobalSection
	GlobalSection(ExtensibilityGlobals) = postSolution
		SolutionGuid = {99E04066-8F43-40BA-B91D-1E1759883E65}
	EndGlobalSection
EndGlobal
